
Microsoft Visual Studio Solution File, Format Version 12.00
# Visual Studio Version 17
VisualStudioVersion = 17.11.35327.3
MinimumVisualStudioVersion = 10.0.40219.1
Project("{FAE04EC0-301F-11D3-BF4B-00C04F79EFBC}") = "ProjectManagementApp", "ProjectManagementApp.csproj", "{410ECCEB-B426-4C4C-8E98-DFF695416611}"
EndProject
Global
	GlobalSection(SolutionConfigurationPlatforms) = preSolution
		Debug|Any CPU = Debug|Any CPU
		Release|Any CPU = Release|Any CPU
	EndGlobalSection
	GlobalSection(ProjectConfigurationPlatforms) = postSolution
		{410ECCEB-B426-4C4C-8E98-DFF695416611}.Debug|Any CPU.ActiveCfg = Debug|Any CPU
		{410ECCEB-B426-4C4C-8E98-DFF695416611}.Debug|Any CPU.Build.0 = Debug|Any CPU
		{410ECCEB-B426-4C4C-8E98-DFF695416611}.Release|Any CPU.ActiveCfg = Release|Any CPU
		{410ECCEB-B426-4C4C-8E98-DFF695416611}.Release|Any CPU.Build.0 = Release|Any CPU
	EndGlobalSection
	GlobalSection(SolutionProperties) = preSolution
		HideSolutionNode = FALSE
	EndGlobalSection
	GlobalSection(ExtensibilityGlobals) = postSolution
		SolutionGuid = {A5172BA2-2D5E-47B8-8271-F04FAA48407A}
	EndGlobalSection
EndGlobal
